<?xml version="1.0" encoding="UTF-8"?>
<Scheme
   version = "1.3">
   <BuildAction>
      <BuildActionEntries>
         <BuildActionEntry
            buildForRunning = "YES">
            <BuildableReference
               BuildableIdentifier = "primary"
               BlueprintIdentifier = "22E72D2819045EA80015D3B2"
               BuildableName = "PhoneAtmo.app"
               BlueprintName = "PhoneAtmo"
               ReferencedContainer = "container:PhoneAtmo.xcodeproj">
            </BuildableReference>
         </BuildActionEntry>
      </BuildActionEntries>
   </BuildAction>
   <LaunchAction
      useCustomWorkingDirectory = "NO"
      buildConfiguration = "AppStore">
      <BuildableProductRunnable>
         <BuildableReference
            BuildableIdentifier = "primary"
            BlueprintIdentifier = "22E72D2819045EA80015D3B2"
            BuildableName = "PhoneAtmo.app"
            BlueprintName = "PhoneAtmo"
            ReferencedContainer = "container:PhoneAtmo.xcodeproj">
         </BuildableReference>
      </BuildableProductRunnable>
   </LaunchAction>
</Scheme>
