PODS:
  - CrashlyticsFramework (2.2.5.2)
  - Fingertips (0.3.0)
  - NXOAuth2Client (1.2.5)
  - SVProgressHUD (1.1.2)
  - UIDevice-Hardware (0.1.5)

DEPENDENCIES:
  - CrashlyticsFramework (= 2.2.5.2)
  - Fingertips (= 0.3.0)
  - NXOAuth2Client (= 1.2.5)
  - SVProgressHUD (= 1.1.2)
  - UIDevice-Hardware (= 0.1.5)

SPEC CHECKSUMS:
  CrashlyticsFramework: 4e91082f3019bea7e718e1b67b0a3b56729dbc5d
  Fingertips: 09d223a390349b317a51d4c941d778bdb661c4e1
  NXOAuth2Client: 9359e8e703bb8357f41c1e169ec3e107612a794c
  SVProgressHUD: da7a49e789af645d9279ffbca62318945a832438
  UIDevice-Hardware: df983265bb5c6f3f66d63c29841a1d6649b1c8f4

COCOAPODS: 0.32.1
